
Microsoft Visual Studio Solution File, Format Version 12.00
# Visual Studio Version 16
VisualStudioVersion = 16.0.30717.126
MinimumVisualStudioVersion = 10.0.40219.1
Project("{FAE04EC0-301F-11D3-BF4B-00C04F79EFBC}") = "AdventOfCode2020", "AdventOfCode2020\AdventOfCode2020.csproj", "{13632ED5-C955-433A-98D0-2CDA985EDED6}"
EndProject
Project("{FAE04EC0-301F-11D3-BF4B-00C04F79EFBC}") = "AdventOfCode2020Test", "AdventOfCode2020Test\AdventOfCode2020Test.csproj", "{F5040E4C-7A7F-480B-AC7D-D578A3A7CDC4}"
EndProject
Global
	GlobalSection(SolutionConfigurationPlatforms) = preSolution
		Debug|Any CPU = Debug|Any CPU
		Release|Any CPU = Release|Any CPU
	EndGlobalSection
	GlobalSection(ProjectConfigurationPlatforms) = postSolution
		{13632ED5-C955-433A-98D0-2CDA985EDED6}.Debug|Any CPU.ActiveCfg = Debug|Any CPU
		{13632ED5-C955-433A-98D0-2CDA985EDED6}.Debug|Any CPU.Build.0 = Debug|Any CPU
		{13632ED5-C955-433A-98D0-2CDA985EDED6}.Release|Any CPU.ActiveCfg = Release|Any CPU
		{13632ED5-C955-433A-98D0-2CDA985EDED6}.Release|Any CPU.Build.0 = Release|Any CPU
		{F5040E4C-7A7F-480B-AC7D-D578A3A7CDC4}.Debug|Any CPU.ActiveCfg = Debug|Any CPU
		{F5040E4C-7A7F-480B-AC7D-D578A3A7CDC4}.Debug|Any CPU.Build.0 = Debug|Any CPU
		{F5040E4C-7A7F-480B-AC7D-D578A3A7CDC4}.Release|Any CPU.ActiveCfg = Release|Any CPU
		{F5040E4C-7A7F-480B-AC7D-D578A3A7CDC4}.Release|Any CPU.Build.0 = Release|Any CPU
	EndGlobalSection
	GlobalSection(SolutionProperties) = preSolution
		HideSolutionNode = FALSE
	EndGlobalSection
	GlobalSection(ExtensibilityGlobals) = postSolution
		SolutionGuid = {334B8A0E-A98E-4AD8-BE57-29D69D8E2519}
	EndGlobalSection
EndGlobal
